
Microsoft Visual Studio Solution File, Format Version 12.00
# Visual Studio Version 17
VisualStudioVersion = 17.4.33205.214
MinimumVisualStudioVersion = 10.0.40219.1
Project("{8BC9CEB8-8B4A-11D0-8D11-00A0C91BC942}") = "MortalRecon", "MortalRecon\MortalRecon.vcxproj", "{ECB447EE-121A-4BCD-ACB3-29A8760F43ED}"
	ProjectSection(ProjectDependencies) = postProject
		{5BC96C69-A864-419D-96C6-BC3507DE7D1B} = {5BC96C69-A864-419D-96C6-BC3507DE7D1B}
	EndProjectSection
EndProject
Project("{54435603-DBB4-11D2-8724-00A0C9A8B90C}") = "MortalReconSetup", "MortalReconSetup\MortalReconSetup.vdproj", "{DB993D29-2BB0-4B84-AB97-2B71400183D5}"
EndProject
Project("{8BC9CEB8-8B4A-11D0-8D11-00A0C91BC942}") = "MobyDick-1.0", "..\MobyDick-1.0\MobyDick\MobyDick.vcxproj", "{5BC96C69-A864-419D-96C6-BC3507DE7D1B}"
EndProject
Project("{54435603-DBB4-11D2-8724-00A0C9A8B90C}") = "MortalReconSetup_V2", "MortalReconSetup_V2\MortalReconSetup_V2.vdproj", "{B7ED3E44-3390-437E-897D-448589C4D55B}"
EndProject
Global
	GlobalSection(SolutionConfigurationPlatforms) = preSolution
		Debug|x64 = Debug|x64
		Debug|x86 = Debug|x86
		Release|x64 = Release|x64
		Release|x86 = Release|x86
	EndGlobalSection
	GlobalSection(ProjectConfigurationPlatforms) = postSolution
		{ECB447EE-121A-4BCD-ACB3-29A8760F43ED}.Debug|x64.ActiveCfg = Debug|x64
		{ECB447EE-121A-4BCD-ACB3-29A8760F43ED}.Debug|x64.Build.0 = Debug|x64
		{ECB447EE-121A-4BCD-ACB3-29A8760F43ED}.Debug|x86.ActiveCfg = Debug|Win32
		{ECB447EE-121A-4BCD-ACB3-29A8760F43ED}.Debug|x86.Build.0 = Debug|Win32
		{ECB447EE-121A-4BCD-ACB3-29A8760F43ED}.Release|x64.ActiveCfg = Release|x64
		{ECB447EE-121A-4BCD-ACB3-29A8760F43ED}.Release|x64.Build.0 = Release|x64
		{ECB447EE-121A-4BCD-ACB3-29A8760F43ED}.Release|x86.ActiveCfg = Release|Win32
		{DB993D29-2BB0-4B84-AB97-2B71400183D5}.Debug|x64.ActiveCfg = Debug
		{DB993D29-2BB0-4B84-AB97-2B71400183D5}.Debug|x86.ActiveCfg = Debug
		{DB993D29-2BB0-4B84-AB97-2B71400183D5}.Release|x64.ActiveCfg = Release
		{DB993D29-2BB0-4B84-AB97-2B71400183D5}.Release|x86.ActiveCfg = Release
		{5BC96C69-A864-419D-96C6-BC3507DE7D1B}.Debug|x64.ActiveCfg = Debug|x64
		{5BC96C69-A864-419D-96C6-BC3507DE7D1B}.Debug|x64.Build.0 = Debug|x64
		{5BC96C69-A864-419D-96C6-BC3507DE7D1B}.Debug|x86.ActiveCfg = Debug|Win32
		{5BC96C69-A864-419D-96C6-BC3507DE7D1B}.Debug|x86.Build.0 = Debug|Win32
		{5BC96C69-A864-419D-96C6-BC3507DE7D1B}.Release|x64.ActiveCfg = Release|x64
		{5BC96C69-A864-419D-96C6-BC3507DE7D1B}.Release|x64.Build.0 = Release|x64
		{5BC96C69-A864-419D-96C6-BC3507DE7D1B}.Release|x86.ActiveCfg = Release|Win32
		{5BC96C69-A864-419D-96C6-BC3507DE7D1B}.Release|x86.Build.0 = Release|Win32
		{B7ED3E44-3390-437E-897D-448589C4D55B}.Debug|x64.ActiveCfg = Debug
		{B7ED3E44-3390-437E-897D-448589C4D55B}.Debug|x86.ActiveCfg = Debug
		{B7ED3E44-3390-437E-897D-448589C4D55B}.Release|x64.ActiveCfg = Release
		{B7ED3E44-3390-437E-897D-448589C4D55B}.Release|x86.ActiveCfg = Release
	EndGlobalSection
	GlobalSection(SolutionProperties) = preSolution
		HideSolutionNode = FALSE
	EndGlobalSection
	GlobalSection(ExtensibilityGlobals) = postSolution
		SolutionGuid = {E180E670-2AA6-45FA-ADE0-80B0DBFC9BC0}
	EndGlobalSection
EndGlobal
